
Microsoft Visual Studio Solution File, Format Version 12.00
# Visual Studio Version 17
VisualStudioVersion = 17.0.31903.59
MinimumVisualStudioVersion = 10.0.40219.1
Project("{2150E333-8FDC-42A3-9474-1A3956D46DE8}") = "src", "src", "{C632332E-15FC-4BED-A548-54EE3E913E4E}"
EndProject
Project("{FAE04EC0-301F-11D3-BF4B-00C04F79EFBC}") = "FymUsers.Api", "src\FymUsers.Api\FymUsers.Api.csproj", "{15E139DF-C75C-46BB-B3A0-35BA7CBABDDC}"
EndProject
Project("{FAE04EC0-301F-11D3-BF4B-00C04F79EFBC}") = "FymUsers.Domain", "src\FymUsers.Domain\FymUsers.Domain.csproj", "{81F0A9BF-6825-4461-BD31-60F5F117288F}"
EndProject
Project("{FAE04EC0-301F-11D3-BF4B-00C04F79EFBC}") = "FymUsers.Infrastructure", "src\FymUsers.Infrastructure\FymUsers.Infrastructure.csproj", "{6884F7EA-1A1E-402C-B104-51290EDBA9E8}"
EndProject
Global
	GlobalSection(SolutionConfigurationPlatforms) = preSolution
		Debug|Any CPU = Debug|Any CPU
		Release|Any CPU = Release|Any CPU
	EndGlobalSection
	GlobalSection(SolutionProperties) = preSolution
		HideSolutionNode = FALSE
	EndGlobalSection
	GlobalSection(ProjectConfigurationPlatforms) = postSolution
		{15E139DF-C75C-46BB-B3A0-35BA7CBABDDC}.Debug|Any CPU.ActiveCfg = Debug|Any CPU
		{15E139DF-C75C-46BB-B3A0-35BA7CBABDDC}.Debug|Any CPU.Build.0 = Debug|Any CPU
		{15E139DF-C75C-46BB-B3A0-35BA7CBABDDC}.Release|Any CPU.ActiveCfg = Release|Any CPU
		{15E139DF-C75C-46BB-B3A0-35BA7CBABDDC}.Release|Any CPU.Build.0 = Release|Any CPU
		{81F0A9BF-6825-4461-BD31-60F5F117288F}.Debug|Any CPU.ActiveCfg = Debug|Any CPU
		{81F0A9BF-6825-4461-BD31-60F5F117288F}.Debug|Any CPU.Build.0 = Debug|Any CPU
		{81F0A9BF-6825-4461-BD31-60F5F117288F}.Release|Any CPU.ActiveCfg = Release|Any CPU
		{81F0A9BF-6825-4461-BD31-60F5F117288F}.Release|Any CPU.Build.0 = Release|Any CPU
		{6884F7EA-1A1E-402C-B104-51290EDBA9E8}.Debug|Any CPU.ActiveCfg = Debug|Any CPU
		{6884F7EA-1A1E-402C-B104-51290EDBA9E8}.Debug|Any CPU.Build.0 = Debug|Any CPU
		{6884F7EA-1A1E-402C-B104-51290EDBA9E8}.Release|Any CPU.ActiveCfg = Release|Any CPU
		{6884F7EA-1A1E-402C-B104-51290EDBA9E8}.Release|Any CPU.Build.0 = Release|Any CPU
	EndGlobalSection
	GlobalSection(NestedProjects) = preSolution
		{15E139DF-C75C-46BB-B3A0-35BA7CBABDDC} = {C632332E-15FC-4BED-A548-54EE3E913E4E}
		{81F0A9BF-6825-4461-BD31-60F5F117288F} = {C632332E-15FC-4BED-A548-54EE3E913E4E}
		{6884F7EA-1A1E-402C-B104-51290EDBA9E8} = {C632332E-15FC-4BED-A548-54EE3E913E4E}
	EndGlobalSection
EndGlobal
